Microsoft Visual Studio Solution File, Format Version 12.00
# Visual Studio 11
Project("{9F412ED4-1E01-46D9-B3C3-D7F573CC71A0}") = "CO365Curso", "CO365Curso\CO365Curso.csproj", "{DF686EC0-B9F3-4DCA-B647-A8BA61D75FD5}"
EndProject
Global
	GlobalSection(SolutionConfigurationPlatforms) = preSolution
		Debug|Any CPU = Debug|Any CPU
		Release|Any CPU = Release|Any CPU
	EndGlobalSection
	GlobalSection(ProjectConfigurationPlatforms) = postSolution
		{DF686EC0-B9F3-4DCA-B647-A8BA61D75FD5}.Debug|Any CPU.ActiveCfg = Debug|Any CPU
		{DF686EC0-B9F3-4DCA-B647-A8BA61D75FD5}.Debug|Any CPU.Build.0 = Debug|Any CPU
		{DF686EC0-B9F3-4DCA-B647-A8BA61D75FD5}.Debug|Any CPU.Deploy.0 = Debug|Any CPU
		{DF686EC0-B9F3-4DCA-B647-A8BA61D75FD5}.Release|Any CPU.ActiveCfg = Release|Any CPU
		{DF686EC0-B9F3-4DCA-B647-A8BA61D75FD5}.Release|Any CPU.Build.0 = Release|Any CPU
		{DF686EC0-B9F3-4DCA-B647-A8BA61D75FD5}.Release|Any CPU.Deploy.0 = Release|Any CPU
	EndGlobalSection
	GlobalSection(SolutionProperties) = preSolution
		HideSolutionNode = FALSE
	EndGlobalSection
EndGlobal