Microsoft Visual Studio Solution File, Format Version 12.00
# Visual Studio 11
Project("{9F412ED4-1E01-46D9-B3C3-D7F573CC71A0}") = "C0365SearchApp", "C0365SearchApp\C0365SearchApp.csproj", "{AE0306C9-E8A8-4745-9E06-CC5C52A20750}"
EndProject
Global
	GlobalSection(SolutionConfigurationPlatforms) = preSolution
		Debug|Any CPU = Debug|Any CPU
		Release|Any CPU = Release|Any CPU
	EndGlobalSection
	GlobalSection(ProjectConfigurationPlatforms) = postSolution
		{AE0306C9-E8A8-4745-9E06-CC5C52A20750}.Debug|Any CPU.ActiveCfg = Debug|Any CPU
		{AE0306C9-E8A8-4745-9E06-CC5C52A20750}.Debug|Any CPU.Build.0 = Debug|Any CPU
		{AE0306C9-E8A8-4745-9E06-CC5C52A20750}.Debug|Any CPU.Deploy.0 = Debug|Any CPU
		{AE0306C9-E8A8-4745-9E06-CC5C52A20750}.Release|Any CPU.ActiveCfg = Release|Any CPU
		{AE0306C9-E8A8-4745-9E06-CC5C52A20750}.Release|Any CPU.Build.0 = Release|Any CPU
		{AE0306C9-E8A8-4745-9E06-CC5C52A20750}.Release|Any CPU.Deploy.0 = Release|Any CPU
	EndGlobalSection
	GlobalSection(SolutionProperties) = preSolution
		HideSolutionNode = FALSE
	EndGlobalSection
EndGlobal